
Microsoft Visual Studio Solution File, Format Version 12.00
# Visual Studio Version 17
VisualStudioVersion = 17.4.33205.214
MinimumVisualStudioVersion = 10.0.40219.1
Project("{9A19103F-16F7-4668-BE54-9A1E7A4F7556}") = "CSharpCourse", "CSharpCourse\CSharpCourse.csproj", "{AF9F071D-422E-4E04-8427-A3A1EFE0310D}"
EndProject
Project("{FAE04EC0-301F-11D3-BF4B-00C04F79EFBC}") = "B_ControlFlow", "B_ControlFlow\B_ControlFlow.csproj", "{F8A3FEE2-D59E-432E-B5ED-20F1B7BBCB8E}"
EndProject
Global
	GlobalSection(SolutionConfigurationPlatforms) = preSolution
		Debug|Any CPU = Debug|Any CPU
		Release|Any CPU = Release|Any CPU
	EndGlobalSection
	GlobalSection(ProjectConfigurationPlatforms) = postSolution
		{AF9F071D-422E-4E04-8427-A3A1EFE0310D}.Debug|Any CPU.ActiveCfg = Debug|Any CPU
		{AF9F071D-422E-4E04-8427-A3A1EFE0310D}.Debug|Any CPU.Build.0 = Debug|Any CPU
		{AF9F071D-422E-4E04-8427-A3A1EFE0310D}.Release|Any CPU.ActiveCfg = Release|Any CPU
		{AF9F071D-422E-4E04-8427-A3A1EFE0310D}.Release|Any CPU.Build.0 = Release|Any CPU
		{F8A3FEE2-D59E-432E-B5ED-20F1B7BBCB8E}.Debug|Any CPU.ActiveCfg = Debug|Any CPU
		{F8A3FEE2-D59E-432E-B5ED-20F1B7BBCB8E}.Debug|Any CPU.Build.0 = Debug|Any CPU
		{F8A3FEE2-D59E-432E-B5ED-20F1B7BBCB8E}.Release|Any CPU.ActiveCfg = Release|Any CPU
		{F8A3FEE2-D59E-432E-B5ED-20F1B7BBCB8E}.Release|Any CPU.Build.0 = Release|Any CPU
	EndGlobalSection
	GlobalSection(SolutionProperties) = preSolution
		HideSolutionNode = FALSE
	EndGlobalSection
	GlobalSection(ExtensibilityGlobals) = postSolution
		SolutionGuid = {F75FF40B-D6E8-49A9-B381-BC00864362F8}
	EndGlobalSection
EndGlobal
